
Microsoft Visual Studio Solution File, Format Version 12.00
# Visual Studio Version 16
VisualStudioVersion = 16.0.33927.289
MinimumVisualStudioVersion = 10.0.40219.1
Project("{2150E333-8FDC-42A3-9474-1A3956D46DE8}") = "Task0", "Task0", "{6CD138D2-0295-469C-B8ED-EC806F0D23E2}"
EndProject
Project("{FAE04EC0-301F-11D3-BF4B-00C04F79EFBC}") = "Tyuiu.BotterVV.Sprint0.Csharp.V0", "Tyuiu.BotterVV.Sprint0.Csharp.V0\Tyuiu.BotterVV.Sprint0.Csharp.V0.csproj", "{9D2643CD-C238-48B9-A725-B90E42167EC7}"
EndProject
Project("{2150E333-8FDC-42A3-9474-1A3956D46DE8}") = "Task1", "Task1", "{7E5B949E-3040-4EAE-9EBC-A75EEF0D2746}"
EndProject
Project("{FAE04EC0-301F-11D3-BF4B-00C04F79EFBC}") = "Tyuiu.BotterVV.Sprint0.Csharp.Task1.V0", "Tyuiu.BotterVV.Sprint0.Csharp.Task1.V0\Tyuiu.BotterVV.Sprint0.Csharp.Task1.V0.csproj", "{25AC2ED1-43C9-46FE-AD5F-129880EAFEA8}"
EndProject
Project("{2150E333-8FDC-42A3-9474-1A3956D46DE8}") = "Task2", "Task2", "{04C75E48-FAEA-4479-A34C-7B5BA9AA1EDB}"
EndProject
Project("{FAE04EC0-301F-11D3-BF4B-00C04F79EFBC}") = "Tyuiu.BotterVV.Sprint0.Csharp.Task2.V0", "Tyuiu.BotterVV.Sprint0.Csharp.Task2.V0\Tyuiu.BotterVV.Sprint0.Csharp.Task2.V0.csproj", "{82621709-6063-41D9-882C-A90819CB3C52}"
EndProject
Project("{FAE04EC0-301F-11D3-BF4B-00C04F79EFBC}") = "Tyuiu.BotterVV.Sprint0.Csharp.Task2.V0.Lib", "Tyuiu.BotterVV.Sprint0.Csharp.Task2.V0.Lib\Tyuiu.BotterVV.Sprint0.Csharp.Task2.V0.Lib.csproj", "{7E47D429-19C6-4916-AFC5-A78EC868CD5E}"
EndProject
Project("{FAE04EC0-301F-11D3-BF4B-00C04F79EFBC}") = "Tyuiu.BotterVV.Sprint0.Csharp.Task2.V0.Test", "Tyuiu.BotterVV.Sprint0.Csharp.Task2.V0.Test\Tyuiu.BotterVV.Sprint0.Csharp.Task2.V0.Test.csproj", "{C94242FE-4A65-4FA9-8D64-C9095278839E}"
EndProject
Project("{2150E333-8FDC-42A3-9474-1A3956D46DE8}") = "Task3", "Task3", "{AAC67B90-CED2-4BF6-A25E-8A8DEE7AF6FB}"
EndProject
Project("{FAE04EC0-301F-11D3-BF4B-00C04F79EFBC}") = "Tyuiu.BotterVV.Sprint0.Csharp.Task3.V0", "Tyuiu.BotterVV.Sprint0.Csharp.Task3.V0\Tyuiu.BotterVV.Sprint0.Csharp.Task3.V0.csproj", "{B122B8BF-AE45-4FB9-A6C5-45EA11FE5218}"
EndProject
Project("{FAE04EC0-301F-11D3-BF4B-00C04F79EFBC}") = "Tyuiu.BotterVV.Sprint0.Csharp.Task3.V0.Test", "Tyuiu.BotterVV.Sprint0.Csharp.Task3.V0.Test\Tyuiu.BotterVV.Sprint0.Csharp.Task3.V0.Test.csproj", "{9CC47CCA-1E2B-4EE4-9104-177B13D59DD3}"
EndProject
Project("{FAE04EC0-301F-11D3-BF4B-00C04F79EFBC}") = "Tyuiu.BotterVV.Sprint0.Csharp.Task3.V0.Lib", "Tyuiu.BotterVV.Sprint0.Csharp.Task3.V0.Lib\Tyuiu.BotterVV.Sprint0.Csharp.Task3.V0.Lib.csproj", "{562115B3-7837-49BD-B4C2-B203A0F13821}"
EndProject
Project("{2150E333-8FDC-42A3-9474-1A3956D46DE8}") = "Task4", "Task4", "{153669FD-675D-45D9-B5B8-3F73C66C0637}"
EndProject
Project("{FAE04EC0-301F-11D3-BF4B-00C04F79EFBC}") = "Tyuiu.BotterVV.Sprint0.Csharp.Task4.V0", "Tyuiu.BotterVV.Sprint0.Csharp.Task4.V0\Tyuiu.BotterVV.Sprint0.Csharp.Task4.V0.csproj", "{FFE64E5B-2F92-4DF7-B307-1F346735EDDE}"
EndProject
Project("{FAE04EC0-301F-11D3-BF4B-00C04F79EFBC}") = "Tyuiu.BotterVV.Sprint0.Csharp.Task4.V0.Lib", "Tyuiu.BotterVV.Sprint0.Csharp.Task4.V0.Lib\Tyuiu.BotterVV.Sprint0.Csharp.Task4.V0.Lib.csproj", "{A36E90E1-014C-4240-BDCF-69229D874F40}"
EndProject
Project("{FAE04EC0-301F-11D3-BF4B-00C04F79EFBC}") = "Tyuiu.BotterVV.Sprint0.Csharp.Task4.V0.Test", "Tyuiu.BotterVV.Sprint0.Csharp.Task4.V0.Test\Tyuiu.BotterVV.Sprint0.Csharp.Task4.V0.Test.csproj", "{D17EEF51-1695-4922-8C95-14CC7CB44A1D}"
EndProject
Global
	GlobalSection(SolutionConfigurationPlatforms) = preSolution
		Debug|Any CPU = Debug|Any CPU
		Release|Any CPU = Release|Any CPU
	EndGlobalSection
	GlobalSection(ProjectConfigurationPlatforms) = postSolution
		{9D2643CD-C238-48B9-A725-B90E42167EC7}.Debug|Any CPU.ActiveCfg = Debug|Any CPU
		{9D2643CD-C238-48B9-A725-B90E42167EC7}.Debug|Any CPU.Build.0 = Debug|Any CPU
		{9D2643CD-C238-48B9-A725-B90E42167EC7}.Release|Any CPU.ActiveCfg = Release|Any CPU
		{9D2643CD-C238-48B9-A725-B90E42167EC7}.Release|Any CPU.Build.0 = Release|Any CPU
		{25AC2ED1-43C9-46FE-AD5F-129880EAFEA8}.Debug|Any CPU.ActiveCfg = Debug|Any CPU
		{25AC2ED1-43C9-46FE-AD5F-129880EAFEA8}.Debug|Any CPU.Build.0 = Debug|Any CPU
		{25AC2ED1-43C9-46FE-AD5F-129880EAFEA8}.Release|Any CPU.ActiveCfg = Release|Any CPU
		{25AC2ED1-43C9-46FE-AD5F-129880EAFEA8}.Release|Any CPU.Build.0 = Release|Any CPU
		{82621709-6063-41D9-882C-A90819CB3C52}.Debug|Any CPU.ActiveCfg = Debug|Any CPU
		{82621709-6063-41D9-882C-A90819CB3C52}.Debug|Any CPU.Build.0 = Debug|Any CPU
		{82621709-6063-41D9-882C-A90819CB3C52}.Release|Any CPU.ActiveCfg = Release|Any CPU
		{82621709-6063-41D9-882C-A90819CB3C52}.Release|Any CPU.Build.0 = Release|Any CPU
		{7E47D429-19C6-4916-AFC5-A78EC868CD5E}.Debug|Any CPU.ActiveCfg = Debug|Any CPU
		{7E47D429-19C6-4916-AFC5-A78EC868CD5E}.Debug|Any CPU.Build.0 = Debug|Any CPU
		{7E47D429-19C6-4916-AFC5-A78EC868CD5E}.Release|Any CPU.ActiveCfg = Release|Any CPU
		{7E47D429-19C6-4916-AFC5-A78EC868CD5E}.Release|Any CPU.Build.0 = Release|Any CPU
		{C94242FE-4A65-4FA9-8D64-C9095278839E}.Debug|Any CPU.ActiveCfg = Debug|Any CPU
		{C94242FE-4A65-4FA9-8D64-C9095278839E}.Debug|Any CPU.Build.0 = Debug|Any CPU
		{C94242FE-4A65-4FA9-8D64-C9095278839E}.Release|Any CPU.ActiveCfg = Release|Any CPU
		{C94242FE-4A65-4FA9-8D64-C9095278839E}.Release|Any CPU.Build.0 = Release|Any CPU
		{B122B8BF-AE45-4FB9-A6C5-45EA11FE5218}.Debug|Any CPU.ActiveCfg = Debug|Any CPU
		{B122B8BF-AE45-4FB9-A6C5-45EA11FE5218}.Debug|Any CPU.Build.0 = Debug|Any CPU
		{B122B8BF-AE45-4FB9-A6C5-45EA11FE5218}.Release|Any CPU.ActiveCfg = Release|Any CPU
		{B122B8BF-AE45-4FB9-A6C5-45EA11FE5218}.Release|Any CPU.Build.0 = Release|Any CPU
		{9CC47CCA-1E2B-4EE4-9104-177B13D59DD3}.Debug|Any CPU.ActiveCfg = Debug|Any CPU
		{9CC47CCA-1E2B-4EE4-9104-177B13D59DD3}.Debug|Any CPU.Build.0 = Debug|Any CPU
		{9CC47CCA-1E2B-4EE4-9104-177B13D59DD3}.Release|Any CPU.ActiveCfg = Release|Any CPU
		{9CC47CCA-1E2B-4EE4-9104-177B13D59DD3}.Release|Any CPU.Build.0 = Release|Any CPU
		{562115B3-7837-49BD-B4C2-B203A0F13821}.Debug|Any CPU.ActiveCfg = Debug|Any CPU
		{562115B3-7837-49BD-B4C2-B203A0F13821}.Debug|Any CPU.Build.0 = Debug|Any CPU
		{562115B3-7837-49BD-B4C2-B203A0F13821}.Release|Any CPU.ActiveCfg = Release|Any CPU
		{562115B3-7837-49BD-B4C2-B203A0F13821}.Release|Any CPU.Build.0 = Release|Any CPU
		{FFE64E5B-2F92-4DF7-B307-1F346735EDDE}.Debug|Any CPU.ActiveCfg = Debug|Any CPU
		{FFE64E5B-2F92-4DF7-B307-1F346735EDDE}.Debug|Any CPU.Build.0 = Debug|Any CPU
		{FFE64E5B-2F92-4DF7-B307-1F346735EDDE}.Release|Any CPU.ActiveCfg = Release|Any CPU
		{FFE64E5B-2F92-4DF7-B307-1F346735EDDE}.Release|Any CPU.Build.0 = Release|Any CPU
		{A36E90E1-014C-4240-BDCF-69229D874F40}.Debug|Any CPU.ActiveCfg = Debug|Any CPU
		{A36E90E1-014C-4240-BDCF-69229D874F40}.Debug|Any CPU.Build.0 = Debug|Any CPU
		{A36E90E1-014C-4240-BDCF-69229D874F40}.Release|Any CPU.ActiveCfg = Release|Any CPU
		{A36E90E1-014C-4240-BDCF-69229D874F40}.Release|Any CPU.Build.0 = Release|Any CPU
		{D17EEF51-1695-4922-8C95-14CC7CB44A1D}.Debug|Any CPU.ActiveCfg = Debug|Any CPU
		{D17EEF51-1695-4922-8C95-14CC7CB44A1D}.Debug|Any CPU.Build.0 = Debug|Any CPU
		{D17EEF51-1695-4922-8C95-14CC7CB44A1D}.Release|Any CPU.ActiveCfg = Release|Any CPU
		{D17EEF51-1695-4922-8C95-14CC7CB44A1D}.Release|Any CPU.Build.0 = Release|Any CPU
	EndGlobalSection
	GlobalSection(SolutionProperties) = preSolution
		HideSolutionNode = FALSE
	EndGlobalSection
	GlobalSection(NestedProjects) = preSolution
		{9D2643CD-C238-48B9-A725-B90E42167EC7} = {6CD138D2-0295-469C-B8ED-EC806F0D23E2}
		{25AC2ED1-43C9-46FE-AD5F-129880EAFEA8} = {7E5B949E-3040-4EAE-9EBC-A75EEF0D2746}
		{82621709-6063-41D9-882C-A90819CB3C52} = {04C75E48-FAEA-4479-A34C-7B5BA9AA1EDB}
		{7E47D429-19C6-4916-AFC5-A78EC868CD5E} = {04C75E48-FAEA-4479-A34C-7B5BA9AA1EDB}
		{C94242FE-4A65-4FA9-8D64-C9095278839E} = {04C75E48-FAEA-4479-A34C-7B5BA9AA1EDB}
		{B122B8BF-AE45-4FB9-A6C5-45EA11FE5218} = {AAC67B90-CED2-4BF6-A25E-8A8DEE7AF6FB}
		{9CC47CCA-1E2B-4EE4-9104-177B13D59DD3} = {AAC67B90-CED2-4BF6-A25E-8A8DEE7AF6FB}
		{562115B3-7837-49BD-B4C2-B203A0F13821} = {AAC67B90-CED2-4BF6-A25E-8A8DEE7AF6FB}
		{FFE64E5B-2F92-4DF7-B307-1F346735EDDE} = {153669FD-675D-45D9-B5B8-3F73C66C0637}
		{A36E90E1-014C-4240-BDCF-69229D874F40} = {153669FD-675D-45D9-B5B8-3F73C66C0637}
		{D17EEF51-1695-4922-8C95-14CC7CB44A1D} = {153669FD-675D-45D9-B5B8-3F73C66C0637}
	EndGlobalSection
	GlobalSection(ExtensibilityGlobals) = postSolution
		SolutionGuid = {E1332F75-2FA7-4C92-B7B0-EDF76847413B}
	EndGlobalSection
EndGlobal
